
Microsoft Visual Studio Solution File, Format Version 12.00
# Visual Studio Version 17
VisualStudioVersion = 17.0.31903.59
MinimumVisualStudioVersion = 10.0.40219.1
Project("{2150E333-8FDC-42A3-9474-1A3956D46DE8}") = "src", "src", "{2C40B651-B54C-4B14-B4B6-39B24BBD33A4}"
EndProject
Project("{FAE04EC0-301F-11D3-BF4B-00C04F79EFBC}") = "SearchSrervice", "src\SearchSrervice\SearchSrervice.csproj", "{E2FA1E03-B7AF-4BC7-A29A-D88B572BF3AA}"
EndProject
Project("{FAE04EC0-301F-11D3-BF4B-00C04F79EFBC}") = "Contracts", "src\Contracts\Contracts.csproj", "{81F0CF1D-8425-4BE0-9D72-1345EB141905}"
EndProject
Project("{FAE04EC0-301F-11D3-BF4B-00C04F79EFBC}") = "IdentityService", "src\IdentityService\IdentityService.csproj", "{352FCA78-FE09-4C39-81D7-A320A555DE75}"
EndProject
Project("{FAE04EC0-301F-11D3-BF4B-00C04F79EFBC}") = "GatewayService", "src\GatewayService\GatewayService.csproj", "{BC0CF8BD-ACDA-44FD-83E3-A4CE97DB532A}"
EndProject
Project("{FAE04EC0-301F-11D3-BF4B-00C04F79EFBC}") = "AuctionService", "src\AuctionService\AuctionService.csproj", "{9BFA72AC-7C65-4E3F-AA77-515923BB8484}"
EndProject
Project("{FAE04EC0-301F-11D3-BF4B-00C04F79EFBC}") = "BiddingService", "src\BiddingService\BiddingService.csproj", "{FC8F41A8-1213-488E-994F-839E3C4231AE}"
EndProject
Project("{FAE04EC0-301F-11D3-BF4B-00C04F79EFBC}") = "NotificationService", "src\NotificationService\NotificationService.csproj", "{C0EB7B2C-D90D-4EA7-B3E6-A8A80CC184A1}"
EndProject
Project("{2150E333-8FDC-42A3-9474-1A3956D46DE8}") = "tests", "tests", "{F9DE938D-32EC-4DF1-8D4F-E86A2EDC6472}"
EndProject
Project("{FAE04EC0-301F-11D3-BF4B-00C04F79EFBC}") = "AuctionService.UnitTests", "tests\AuctionService.UnitTests\AuctionService.UnitTests.csproj", "{3EA92150-34AC-4E95-AA5B-C4E40F805699}"
EndProject
Global
	GlobalSection(SolutionConfigurationPlatforms) = preSolution
		Debug|Any CPU = Debug|Any CPU
		Release|Any CPU = Release|Any CPU
	EndGlobalSection
	GlobalSection(SolutionProperties) = preSolution
		HideSolutionNode = FALSE
	EndGlobalSection
	GlobalSection(ProjectConfigurationPlatforms) = postSolution
		{E2FA1E03-B7AF-4BC7-A29A-D88B572BF3AA}.Debug|Any CPU.ActiveCfg = Debug|Any CPU
		{E2FA1E03-B7AF-4BC7-A29A-D88B572BF3AA}.Debug|Any CPU.Build.0 = Debug|Any CPU
		{E2FA1E03-B7AF-4BC7-A29A-D88B572BF3AA}.Release|Any CPU.ActiveCfg = Release|Any CPU
		{E2FA1E03-B7AF-4BC7-A29A-D88B572BF3AA}.Release|Any CPU.Build.0 = Release|Any CPU
		{81F0CF1D-8425-4BE0-9D72-1345EB141905}.Debug|Any CPU.ActiveCfg = Debug|Any CPU
		{81F0CF1D-8425-4BE0-9D72-1345EB141905}.Debug|Any CPU.Build.0 = Debug|Any CPU
		{81F0CF1D-8425-4BE0-9D72-1345EB141905}.Release|Any CPU.ActiveCfg = Release|Any CPU
		{81F0CF1D-8425-4BE0-9D72-1345EB141905}.Release|Any CPU.Build.0 = Release|Any CPU
		{352FCA78-FE09-4C39-81D7-A320A555DE75}.Debug|Any CPU.ActiveCfg = Debug|Any CPU
		{352FCA78-FE09-4C39-81D7-A320A555DE75}.Debug|Any CPU.Build.0 = Debug|Any CPU
		{352FCA78-FE09-4C39-81D7-A320A555DE75}.Release|Any CPU.ActiveCfg = Release|Any CPU
		{352FCA78-FE09-4C39-81D7-A320A555DE75}.Release|Any CPU.Build.0 = Release|Any CPU
		{BC0CF8BD-ACDA-44FD-83E3-A4CE97DB532A}.Debug|Any CPU.ActiveCfg = Debug|Any CPU
		{BC0CF8BD-ACDA-44FD-83E3-A4CE97DB532A}.Debug|Any CPU.Build.0 = Debug|Any CPU
		{BC0CF8BD-ACDA-44FD-83E3-A4CE97DB532A}.Release|Any CPU.ActiveCfg = Release|Any CPU
		{BC0CF8BD-ACDA-44FD-83E3-A4CE97DB532A}.Release|Any CPU.Build.0 = Release|Any CPU
		{9BFA72AC-7C65-4E3F-AA77-515923BB8484}.Debug|Any CPU.ActiveCfg = Debug|Any CPU
		{9BFA72AC-7C65-4E3F-AA77-515923BB8484}.Debug|Any CPU.Build.0 = Debug|Any CPU
		{9BFA72AC-7C65-4E3F-AA77-515923BB8484}.Release|Any CPU.ActiveCfg = Release|Any CPU
		{9BFA72AC-7C65-4E3F-AA77-515923BB8484}.Release|Any CPU.Build.0 = Release|Any CPU
		{FC8F41A8-1213-488E-994F-839E3C4231AE}.Debug|Any CPU.ActiveCfg = Debug|Any CPU
		{FC8F41A8-1213-488E-994F-839E3C4231AE}.Debug|Any CPU.Build.0 = Debug|Any CPU
		{FC8F41A8-1213-488E-994F-839E3C4231AE}.Release|Any CPU.ActiveCfg = Release|Any CPU
		{FC8F41A8-1213-488E-994F-839E3C4231AE}.Release|Any CPU.Build.0 = Release|Any CPU
		{C0EB7B2C-D90D-4EA7-B3E6-A8A80CC184A1}.Debug|Any CPU.ActiveCfg = Debug|Any CPU
		{C0EB7B2C-D90D-4EA7-B3E6-A8A80CC184A1}.Debug|Any CPU.Build.0 = Debug|Any CPU
		{C0EB7B2C-D90D-4EA7-B3E6-A8A80CC184A1}.Release|Any CPU.ActiveCfg = Release|Any CPU
		{C0EB7B2C-D90D-4EA7-B3E6-A8A80CC184A1}.Release|Any CPU.Build.0 = Release|Any CPU
		{3EA92150-34AC-4E95-AA5B-C4E40F805699}.Debug|Any CPU.ActiveCfg = Debug|Any CPU
		{3EA92150-34AC-4E95-AA5B-C4E40F805699}.Debug|Any CPU.Build.0 = Debug|Any CPU
		{3EA92150-34AC-4E95-AA5B-C4E40F805699}.Release|Any CPU.ActiveCfg = Release|Any CPU
		{3EA92150-34AC-4E95-AA5B-C4E40F805699}.Release|Any CPU.Build.0 = Release|Any CPU
	EndGlobalSection
	GlobalSection(NestedProjects) = preSolution
		{E2FA1E03-B7AF-4BC7-A29A-D88B572BF3AA} = {2C40B651-B54C-4B14-B4B6-39B24BBD33A4}
		{81F0CF1D-8425-4BE0-9D72-1345EB141905} = {2C40B651-B54C-4B14-B4B6-39B24BBD33A4}
		{352FCA78-FE09-4C39-81D7-A320A555DE75} = {2C40B651-B54C-4B14-B4B6-39B24BBD33A4}
		{BC0CF8BD-ACDA-44FD-83E3-A4CE97DB532A} = {2C40B651-B54C-4B14-B4B6-39B24BBD33A4}
		{9BFA72AC-7C65-4E3F-AA77-515923BB8484} = {2C40B651-B54C-4B14-B4B6-39B24BBD33A4}
		{FC8F41A8-1213-488E-994F-839E3C4231AE} = {2C40B651-B54C-4B14-B4B6-39B24BBD33A4}
		{C0EB7B2C-D90D-4EA7-B3E6-A8A80CC184A1} = {2C40B651-B54C-4B14-B4B6-39B24BBD33A4}
		{3EA92150-34AC-4E95-AA5B-C4E40F805699} = {F9DE938D-32EC-4DF1-8D4F-E86A2EDC6472}
	EndGlobalSection
EndGlobal
